
Microsoft Visual Studio Solution File, Format Version 12.00
# Visual Studio 14
VisualStudioVersion = 14.0.25420.1
MinimumVisualStudioVersion = 10.0.40219.1
Project("{FAE04EC0-301F-11D3-BF4B-00C04F79EFBC}") = "ClientLibrary_TEST", "ClientLibrary_TEST\ClientLibrary_TEST.csproj", "{0CE89C4D-95B1-470B-A123-0B237232C24F}"
EndProject
Project("{FAE04EC0-301F-11D3-BF4B-00C04F79EFBC}") = "WebAPI_TEST", "WebAPI_TEST\WebAPI_TEST.csproj", "{B3D5FB33-BE2A-4F93-BF0F-FA4C3CEE2082}"
EndProject
Project("{FAE04EC0-301F-11D3-BF4B-00C04F79EFBC}") = "WebAPI", "..\API\WebAPI\WebAPI.csproj", "{72DDD3EA-EE2F-45DF-8564-6FA54B3C1F5E}"
EndProject
Project("{FAE04EC0-301F-11D3-BF4B-00C04F79EFBC}") = "ClientLibrary", "..\API\ClientLibrary\ClientLibrary.csproj", "{BB68897A-856A-4FA3-A75A-9644F3BC418A}"
EndProject
Global
	GlobalSection(SolutionConfigurationPlatforms) = preSolution
		Debug|Any CPU = Debug|Any CPU
		Release|Any CPU = Release|Any CPU
	EndGlobalSection
	GlobalSection(ProjectConfigurationPlatforms) = postSolution
		{0CE89C4D-95B1-470B-A123-0B237232C24F}.Debug|Any CPU.ActiveCfg = Debug|Any CPU
		{0CE89C4D-95B1-470B-A123-0B237232C24F}.Debug|Any CPU.Build.0 = Debug|Any CPU
		{0CE89C4D-95B1-470B-A123-0B237232C24F}.Release|Any CPU.ActiveCfg = Release|Any CPU
		{0CE89C4D-95B1-470B-A123-0B237232C24F}.Release|Any CPU.Build.0 = Release|Any CPU
		{B3D5FB33-BE2A-4F93-BF0F-FA4C3CEE2082}.Debug|Any CPU.ActiveCfg = Debug|Any CPU
		{B3D5FB33-BE2A-4F93-BF0F-FA4C3CEE2082}.Debug|Any CPU.Build.0 = Debug|Any CPU
		{B3D5FB33-BE2A-4F93-BF0F-FA4C3CEE2082}.Release|Any CPU.ActiveCfg = Release|Any CPU
		{B3D5FB33-BE2A-4F93-BF0F-FA4C3CEE2082}.Release|Any CPU.Build.0 = Release|Any CPU
		{72DDD3EA-EE2F-45DF-8564-6FA54B3C1F5E}.Debug|Any CPU.ActiveCfg = Debug|Any CPU
		{72DDD3EA-EE2F-45DF-8564-6FA54B3C1F5E}.Debug|Any CPU.Build.0 = Debug|Any CPU
		{72DDD3EA-EE2F-45DF-8564-6FA54B3C1F5E}.Release|Any CPU.ActiveCfg = Release|Any CPU
		{72DDD3EA-EE2F-45DF-8564-6FA54B3C1F5E}.Release|Any CPU.Build.0 = Release|Any CPU
		{BB68897A-856A-4FA3-A75A-9644F3BC418A}.Debug|Any CPU.ActiveCfg = Debug|Any CPU
		{BB68897A-856A-4FA3-A75A-9644F3BC418A}.Debug|Any CPU.Build.0 = Debug|Any CPU
		{BB68897A-856A-4FA3-A75A-9644F3BC418A}.Release|Any CPU.ActiveCfg = Release|Any CPU
		{BB68897A-856A-4FA3-A75A-9644F3BC418A}.Release|Any CPU.Build.0 = Release|Any CPU
	EndGlobalSection
	GlobalSection(SolutionProperties) = preSolution
		HideSolutionNode = FALSE
	EndGlobalSection
EndGlobal
